{
    "_readme": [
        "This file locks the dependencies of your project to a known state",
        "Read more about it at https://getcomposer.org/doc/01-basic-usage.md#composer-lock-the-lock-file",
        "This file is @generated automatically"
    ],
    "content-hash": "66d52dd026cb6f826c97f0cbf5219b5d",
    "packages": [
        {
            "name": "numphp/numphp",
            "version": "1.1.0",
            "source": {
                "type": "git",
                "url": "https://github.com/NumPHP/NumPHP.git",
                "reference": "f329edfb3c50b5f12d889cad0e9257d7a9d15447"
            },
            "dist": {
                "type": "zip",
                "url": "https://api.github.com/repos/NumPHP/NumPHP/zipball/f329edfb3c50b5f12d889cad0e9257d7a9d15447",
                "reference": "f329edfb3c50b5f12d889cad0e9257d7a9d15447",
                "shasum": ""
            },
            "require": {
                "php": ">=5.4"
            },
            "require-dev": {
                "phpmd/phpmd": "*",
                "phpunit/phpunit": "*",
                "satooshi/php-coveralls": "v1.0.1",
                "sebastian/phpcpd": "*",
                "squizlabs/php_codesniffer": "*",
                "symfony/console": "~2.2"
            },
            "type": "library",
            "autoload": {
                "psr-0": {
                    "NumPHP\\": "src/"
                }
            },
            "notification-url": "https://packagist.org/downloads/",
            "license": [
                "MIT"
            ],
            "authors": [
                {
                    "name": "Gordon Lesti",
                    "email": "info@gordonlesti.com",
                    "homepage": "http://gordonlesti.com/",
                    "role": "developer"
                }
            ],
            "description": "Mathematical PHP library for scientific computing",
            "homepage": "http://numphp.org/",
            "keywords": [
                "linalg",
                "matrix",
                "numeric"
            ],
            "time": "2016-02-18T08:04:29+00:00"
        }
    ],
    "packages-dev": [],
    "aliases": [],
    "minimum-stability": "stable",
    "stability-flags": [],
    "prefer-stable": false,
    "prefer-lowest": false,
    "platform": [],
    "platform-dev": []
}
